
Microsoft Visual Studio Solution File, Format Version 12.00
# Visual Studio Version 17
VisualStudioVersion = 17.14.36414.22 d17.14
MinimumVisualStudioVersion = 10.0.40219.1
Project("{FAE04EC0-301F-11D3-BF4B-00C04F79EFBC}") = "ConsoleApp2", "ConsoleApp2\ConsoleApp2.csproj", "{BDEC9D9B-3A44-4002-832C-FFEB4C84873F}"
EndProject
Global
	GlobalSection(SolutionConfigurationPlatforms) = preSolution
		Debug|Any CPU = Debug|Any CPU
		Release|Any CPU = Release|Any CPU
	EndGlobalSection
	GlobalSection(ProjectConfigurationPlatforms) = postSolution
		{BDEC9D9B-3A44-4002-832C-FFEB4C84873F}.Debug|Any CPU.ActiveCfg = Debug|Any CPU
		{BDEC9D9B-3A44-4002-832C-FFEB4C84873F}.Debug|Any CPU.Build.0 = Debug|Any CPU
		{BDEC9D9B-3A44-4002-832C-FFEB4C84873F}.Release|Any CPU.ActiveCfg = Release|Any CPU
		{BDEC9D9B-3A44-4002-832C-FFEB4C84873F}.Release|Any CPU.Build.0 = Release|Any CPU
	EndGlobalSection
	GlobalSection(SolutionProperties) = preSolution
		HideSolutionNode = FALSE
	EndGlobalSection
	GlobalSection(ExtensibilityGlobals) = postSolution
		SolutionGuid = {F96CC803-5FEA-42F3-A4C1-15738A6F7D40}
	EndGlobalSection
EndGlobal
